// !$*UTF8*$!
{
	archiveVersion = 1;
	classes = {
	};
	objectVersion = 46;
	objects = {

/* Begin PBXBuildFile section */
		760FB3781DB77DD300BCD7C4 /* LaunchScreen.storyboard in Resources */ = {isa = PBXBuildFile; fileRef = 760FB3771DB77DD300BCD7C4 /* LaunchScreen.storyboard */; };
		7642D1F918701246004E9A14 /* Foundation.framework in Frameworks */ = {isa = PBXBuildFile; fileRef = 7642D1F818701246004E9A14 /* Foundation.framework */; };
		7642D1FB18701246004E9A14 /* CoreGraphics.framework in Frameworks */ = {isa = PBXBuildFile; fileRef = 7642D1FA18701246004E9A14 /* CoreGraphics.framework */; };
		7642D1FD18701246004E9A14 /* UIKit.framework in Frameworks */ = {isa = PBXBuildFile; fileRef = 7642D1FC18701246004E9A14 /* UIKit.framework */; };
		7642D20318701246004E9A14 /* InfoPlist.strings in Resources */ = {isa = PBXBuildFile; fileRef = 7642D20118701246004E9A14 /* InfoPlist.strings */; };
		7642D20518701246004E9A14 /* main.m in Sources */ = {isa = PBXBuildFile; fileRef = 7642D20418701246004E9A14 /* main.m */; };
		7642D20918701246004E9A14 /* AppDelegate.m in Sources */ = {isa = PBXBuildFile; fileRef = 7642D20818701246004E9A14 /* AppDelegate.m */; };
		7642D20C18701246004E9A14 /* Main.storyboard in Resources */ = {isa = PBXBuildFile; fileRef = 7642D20A18701246004E9A14 /* Main.storyboard */; };
		7642D20F18701246004E9A14 /* ViewController.m in Sources */ = {isa = PBXBuildFile; fileRef = 7642D20E18701246004E9A14 /* ViewController.m */; };
		7642D21118701246004E9A14 /* Images.xcassets in Resources */ = {isa = PBXBuildFile; fileRef = 7642D21018701246004E9A14 /* Images.xcassets */; };
		7642D21818701246004E9A14 /* XCTest.framework in Frameworks */ = {isa = PBXBuildFile; fileRef = 7642D21718701246004E9A14 /* XCTest.framework */; };
		7642D21918701246004E9A14 /* Foundation.framework in Frameworks */ = {isa = PBXBuildFile; fileRef = 7642D1F818701246004E9A14 /* Foundation.framework */; };
		7642D21A18701246004E9A14 /* UIKit.framework in Frameworks */ = {isa = PBXBuildFile; fileRef = 7642D1FC18701246004E9A14 /* UIKit.framework */; };
		7642D22218701246004E9A14 /* InfoPlist.strings in Resources */ = {isa = PBXBuildFile; fileRef = 7642D22018701246004E9A14 /* InfoPlist.strings */; };
		7642D22418701246004E9A14 /* VFKeyboardObserverDemoTests.m in Sources */ = {isa = PBXBuildFile; fileRef = 7642D22318701246004E9A14 /* VFKeyboardObserverDemoTests.m */; };
		7642D2301870129F004E9A14 /* VFKeyboardObserver.m in Sources */ = {isa = PBXBuildFile; fileRef = 7642D22F1870129F004E9A14 /* VFKeyboardObserver.m */; };
/* End PBXBuildFile section */

/* Begin PBXContainerItemProxy section */
		7642D21B18701246004E9A14 /* PBXContainerItemProxy */ = {
			isa = PBXContainerItemProxy;
			containerPortal = 7642D1ED18701245004E9A14 /* Project object */;
			proxyType = 1;
			remoteGlobalIDString = 7642D1F418701246004E9A14;
			remoteInfo = VFKeyboardObserverDemo;
		};
/* End PBXContainerItemProxy section */

/* Begin PBXFileReference section */
		760FB3771DB77DD300BCD7C4 /* LaunchScreen.storyboard */ = {isa = PBXFileReference; fileEncoding = 4; lastKnownFileType = file.storyboard; path = LaunchScreen.storyboard; sourceTree = "<group>"; };
		7642D1F518701246004E9A14 /* VFKeyboardObserverDemo.app */ = {isa = PBXFileReference; explicitFileType = wrapper.application; includeInIndex = 0; path = VFKeyboardObserverDemo.app; sourceTree = BUILT_PRODUCTS_DIR; };
		7642D1F818701246004E9A14 /* Foundation.framework */ = {isa = PBXFileReference; lastKnownFileType = wrapper.framework; name = Foundation.framework; path = System/Library/Frameworks/Foundation.framework; sourceTree = SDKROOT; };
		7642D1FA18701246004E9A14 /* CoreGraphics.framework */ = {isa = PBXFileReference; lastKnownFileType = wrapper.framework; name = CoreGraphics.framework; path = System/Library/Frameworks/CoreGraphics.framework; sourceTree = SDKROOT; };
		7642D1FC18701246004E9A14 /* UIKit.framework */ = {isa = PBXFileReference; lastKnownFileType = wrapper.framework; name = UIKit.framework; path = System/Library/Frameworks/UIKit.framework; sourceTree = SDKROOT; };
		7642D20018701246004E9A14 /* VFKeyboardObserverDemo-Info.plist */ = {isa = PBXFileReference; lastKnownFileType = text.plist.xml; path = "VFKeyboardObserverDemo-Info.plist"; sourceTree = "<group>"; };
		7642D20218701246004E9A14 /* en */ = {isa = PBXFileReference; lastKnownFileType = text.plist.strings; name = en; path = en.lproj/InfoPlist.strings; sourceTree = "<group>"; };
		7642D20418701246004E9A14 /* main.m */ = {isa = PBXFileReference; lastKnownFileType = sourcecode.c.objc; path = main.m; sourceTree = "<group>"; };
		7642D20618701246004E9A14 /* VFKeyboardObserverDemo-Prefix.pch */ = {isa = PBXFileReference; lastKnownFileType = sourcecode.c.h; path = "VFKeyboardObserverDemo-Prefix.pch"; sourceTree = "<group>"; };
		7642D20718701246004E9A14 /* AppDelegate.h */ = {isa = PBXFileReference; lastKnownFileType = sourcecode.c.h; path = AppDelegate.h; sourceTree = "<group>"; };
		7642D20818701246004E9A14 /* AppDelegate.m */ = {isa = PBXFileReference; lastKnownFileType = sourcecode.c.objc; path = AppDelegate.m; sourceTree = "<group>"; };
		7642D20B18701246004E9A14 /* Base */ = {isa = PBXFileReference; lastKnownFileType = file.storyboard; name = Base; path = Base.lproj/Main.storyboard; sourceTree = "<group>"; };
		7642D20D18701246004E9A14 /* ViewController.h */ = {isa = PBXFileReference; lastKnownFileType = sourcecode.c.h; path = ViewController.h; sourceTree = "<group>"; };
		7642D20E18701246004E9A14 /* ViewController.m */ = {isa = PBXFileReference; lastKnownFileType = sourcecode.c.objc; path = ViewController.m; sourceTree = "<group>"; };
		7642D21018701246004E9A14 /* Images.xcassets */ = {isa = PBXFileReference; lastKnownFileType = folder.assetcatalog; path = Images.xcassets; sourceTree = "<group>"; };
		7642D21618701246004E9A14 /* VFKeyboardObserverDemoTests.xctest */ = {isa = PBXFileReference; explicitFileType = wrapper.cfbundle; includeInIndex = 0; path = VFKeyboardObserverDemoTests.xctest; sourceTree = BUILT_PRODUCTS_DIR; };
		7642D21718701246004E9A14 /* XCTest.framework */ = {isa = PBXFileReference; lastKnownFileType = wrapper.framework; name = XCTest.framework; path = Library/Frameworks/XCTest.framework; sourceTree = DEVELOPER_DIR; };
		7642D21F18701246004E9A14 /* VFKeyboardObserverDemoTests-Info.plist */ = {isa = PBXFileReference; lastKnownFileType = text.plist.xml; path = "VFKeyboardObserverDemoTests-Info.plist"; sourceTree = "<group>"; };
		7642D22118701246004E9A14 /* en */ = {isa = PBXFileReference; lastKnownFileType = text.plist.strings; name = en; path = en.lproj/InfoPlist.strings; sourceTree = "<group>"; };
		7642D22318701246004E9A14 /* VFKeyboardObserverDemoTests.m */ = {isa = PBXFileReference; lastKnownFileType = sourcecode.c.objc; path = VFKeyboardObserverDemoTests.m; sourceTree = "<group>"; };
		7642D22E1870129F004E9A14 /* VFKeyboardObserver.h */ = {isa = PBXFileReference; fileEncoding = 4; lastKnownFileType = sourcecode.c.h; path = VFKeyboardObserver.h; sourceTree = "<group>"; };
		7642D22F1870129F004E9A14 /* VFKeyboardObserver.m */ = {isa = PBXFileReference; fileEncoding = 4; lastKnownFileType = sourcecode.c.objc; path = VFKeyboardObserver.m; sourceTree = "<group>"; };
/* End PBXFileReference section */

/* Begin PBXFrameworksBuildPhase section */
		7642D1F218701246004E9A14 /* Frameworks */ = {
			isa = PBXFrameworksBuildPhase;
			buildActionMask = 2147483647;
			files = (
				7642D1FB18701246004E9A14 /* CoreGraphics.framework in Frameworks */,
				7642D1FD18701246004E9A14 /* UIKit.framework in Frameworks */,
				7642D1F918701246004E9A14 /* Foundation.framework in Frameworks */,
			);
			runOnlyForDeploymentPostprocessing = 0;
		};
		7642D21318701246004E9A14 /* Frameworks */ = {
			isa = PBXFrameworksBuildPhase;
			buildActionMask = 2147483647;
			files = (
				7642D21818701246004E9A14 /* XCTest.framework in Frameworks */,
				7642D21A18701246004E9A14 /* UIKit.framework in Frameworks */,
				7642D21918701246004E9A14 /* Foundation.framework in Frameworks */,
			);
			runOnlyForDeploymentPostprocessing = 0;
		};
/* End PBXFrameworksBuildPhase section */

/* Begin PBXGroup section */
		7642D1EC18701245004E9A14 = {
			isa = PBXGroup;
			children = (
				7642D1FE18701246004E9A14 /* VFKeyboardObserverDemo */,
				7642D21D18701246004E9A14 /* VFKeyboardObserverDemoTests */,
				7642D1F718701246004E9A14 /* Frameworks */,
				7642D1F618701246004E9A14 /* Products */,
			);
			sourceTree = "<group>";
		};
		7642D1F618701246004E9A14 /* Products */ = {
			isa = PBXGroup;
			children = (
				7642D1F518701246004E9A14 /* VFKeyboardObserverDemo.app */,
				7642D21618701246004E9A14 /* VFKeyboardObserverDemoTests.xctest */,
			);
			name = Products;
			sourceTree = "<group>";
		};
		7642D1F718701246004E9A14 /* Frameworks */ = {
			isa = PBXGroup;
			children = (
				7642D1F818701246004E9A14 /* Foundation.framework */,
				7642D1FA18701246004E9A14 /* CoreGraphics.framework */,
				7642D1FC18701246004E9A14 /* UIKit.framework */,
				7642D21718701246004E9A14 /* XCTest.framework */,
			);
			name = Frameworks;
			sourceTree = "<group>";
		};
		7642D1FE18701246004E9A14 /* VFKeyboardObserverDemo */ = {
			isa = PBXGroup;
			children = (
				7642D20718701246004E9A14 /* AppDelegate.h */,
				7642D20818701246004E9A14 /* AppDelegate.m */,
				7642D21018701246004E9A14 /* Images.xcassets */,
				760FB3771DB77DD300BCD7C4 /* LaunchScreen.storyboard */,
				7642D20A18701246004E9A14 /* Main.storyboard */,
				7642D22D1870129F004E9A14 /* src */,
				7642D1FF18701246004E9A14 /* Supporting Files */,
				7642D20D18701246004E9A14 /* ViewController.h */,
				7642D20E18701246004E9A14 /* ViewController.m */,
			);
			path = VFKeyboardObserverDemo;
			sourceTree = "<group>";
		};
		7642D1FF18701246004E9A14 /* Supporting Files */ = {
			isa = PBXGroup;
			children = (
				7642D20018701246004E9A14 /* VFKeyboardObserverDemo-Info.plist */,
				7642D20118701246004E9A14 /* InfoPlist.strings */,
				7642D20418701246004E9A14 /* main.m */,
				7642D20618701246004E9A14 /* VFKeyboardObserverDemo-Prefix.pch */,
			);
			name = "Supporting Files";
			sourceTree = "<group>";
		};
		7642D21D18701246004E9A14 /* VFKeyboardObserverDemoTests */ = {
			isa = PBXGroup;
			children = (
				7642D22318701246004E9A14 /* VFKeyboardObserverDemoTests.m */,
				7642D21E18701246004E9A14 /* Supporting Files */,
			);
			path = VFKeyboardObserverDemoTests;
			sourceTree = "<group>";
		};
		7642D21E18701246004E9A14 /* Supporting Files */ = {
			isa = PBXGroup;
			children = (
				7642D21F18701246004E9A14 /* VFKeyboardObserverDemoTests-Info.plist */,
				7642D22018701246004E9A14 /* InfoPlist.strings */,
			);
			name = "Supporting Files";
			sourceTree = "<group>";
		};
		7642D22D1870129F004E9A14 /* src */ = {
			isa = PBXGroup;
			children = (
				7642D22E1870129F004E9A14 /* VFKeyboardObserver.h */,
				7642D22F1870129F004E9A14 /* VFKeyboardObserver.m */,
			);
			name = src;
			path = ../../../src;
			sourceTree = "<group>";
		};
/* End PBXGroup section */

/* Begin PBXNativeTarget section */
		7642D1F418701246004E9A14 /* VFKeyboardObserverDemo */ = {
			isa = PBXNativeTarget;
			buildConfigurationList = 7642D22718701246004E9A14 /* Build configuration list for PBXNativeTarget "VFKeyboardObserverDemo" */;
			buildPhases = (
				7642D1F118701246004E9A14 /* Sources */,
				7642D1F218701246004E9A14 /* Frameworks */,
				7642D1F318701246004E9A14 /* Resources */,
			);
			buildRules = (
			);
			dependencies = (
			);
			name = VFKeyboardObserverDemo;
			productName = VFKeyboardObserverDemo;
			productReference = 7642D1F518701246004E9A14 /* VFKeyboardObserverDemo.app */;
			productType = "com.apple.product-type.application";
		};
		7642D21518701246004E9A14 /* VFKeyboardObserverDemoTests */ = {
			isa = PBXNativeTarget;
			buildConfigurationList = 7642D22A18701246004E9A14 /* Build configuration list for PBXNativeTarget "VFKeyboardObserverDemoTests" */;
			buildPhases = (
				7642D21218701246004E9A14 /* Sources */,
				7642D21318701246004E9A14 /* Frameworks */,
				7642D21418701246004E9A14 /* Resources */,
			);
			buildRules = (
			);
			dependencies = (
				7642D21C18701246004E9A14 /* PBXTargetDependency */,
			);
			name = VFKeyboardObserverDemoTests;
			productName = VFKeyboardObserverDemoTests;
			productReference = 7642D21618701246004E9A14 /* VFKeyboardObserverDemoTests.xctest */;
			productType = "com.apple.product-type.bundle.unit-test";
		};
/* End PBXNativeTarget section */

/* Begin PBXProject section */
		7642D1ED18701245004E9A14 /* Project object */ = {
			isa = PBXProject;
			attributes = {
				LastUpgradeCheck = 0600;
				ORGANIZATIONNAME = "Valery Fomenko";
				TargetAttributes = {
					7642D1F418701246004E9A14 = {
						DevelopmentTeam = MNS8R8287U;
						ProvisioningStyle = Automatic;
					};
					7642D21518701246004E9A14 = {
						TestTargetID = 7642D1F418701246004E9A14;
					};
				};
			};
			buildConfigurationList = 7642D1F018701245004E9A14 /* Build configuration list for PBXProject "VFKeyboardObserverDemo" */;
			compatibilityVersion = "Xcode 3.2";
			developmentRegion = English;
			hasScannedForEncodings = 0;
			knownRegions = (
				en,
				Base,
			);
			mainGroup = 7642D1EC18701245004E9A14;
			productRefGroup = 7642D1F618701246004E9A14 /* Products */;
			projectDirPath = "";
			projectRoot = "";
			targets = (
				7642D1F418701246004E9A14 /* VFKeyboardObserverDemo */,
				7642D21518701246004E9A14 /* VFKeyboardObserverDemoTests */,
			);
		};
/* End PBXProject section */

/* Begin PBXResourcesBuildPhase section */
		7642D1F318701246004E9A14 /* Resources */ = {
			isa = PBXResourcesBuildPhase;
			buildActionMask = 2147483647;
			files = (
				7642D21118701246004E9A14 /* Images.xcassets in Resources */,
				760FB3781DB77DD300BCD7C4 /* LaunchScreen.storyboard in Resources */,
				7642D20318701246004E9A14 /* InfoPlist.strings in Resources */,
				7642D20C18701246004E9A14 /* Main.storyboard in Resources */,
			);
			runOnlyForDeploymentPostprocessing = 0;
		};
		7642D21418701246004E9A14 /* Resources */ = {
			isa = PBXResourcesBuildPhase;
			buildActionMask = 2147483647;
			files = (
				7642D22218701246004E9A14 /* InfoPlist.strings in Resources */,
			);
			runOnlyForDeploymentPostprocessing = 0;
		};
/* End PBXResourcesBuildPhase section */

/* Begin PBXSourcesBuildPhase section */
		7642D1F118701246004E9A14 /* Sources */ = {
			isa = PBXSourcesBuildPhase;
			buildActionMask = 2147483647;
			files = (
				7642D2301870129F004E9A14 /* VFKeyboardObserver.m in Sources */,
				7642D20F18701246004E9A14 /* ViewController.m in Sources */,
				7642D20918701246004E9A14 /* AppDelegate.m in Sources */,
				7642D20518701246004E9A14 /* main.m in Sources */,
			);
			runOnlyForDeploymentPostprocessing = 0;
		};
		7642D21218701246004E9A14 /* Sources */ = {
			isa = PBXSourcesBuildPhase;
			buildActionMask = 2147483647;
			files = (
				7642D22418701246004E9A14 /* VFKeyboardObserverDemoTests.m in Sources */,
			);
			runOnlyForDeploymentPostprocessing = 0;
		};
/* End PBXSourcesBuildPhase section */

/* Begin PBXTargetDependency section */
		7642D21C18701246004E9A14 /* PBXTargetDependency */ = {
			isa = PBXTargetDependency;
			target = 7642D1F418701246004E9A14 /* VFKeyboardObserverDemo */;
			targetProxy = 7642D21B18701246004E9A14 /* PBXContainerItemProxy */;
		};
/* End PBXTargetDependency section */

/* Begin PBXVariantGroup section */
		7642D20118701246004E9A14 /* InfoPlist.strings */ = {
			isa = PBXVariantGroup;
			children = (
				7642D20218701246004E9A14 /* en */,
			);
			name = InfoPlist.strings;
			sourceTree = "<group>";
		};
		7642D20A18701246004E9A14 /* Main.storyboard */ = {
			isa = PBXVariantGroup;
			children = (
				7642D20B18701246004E9A14 /* Base */,
			);
			name = Main.storyboard;
			sourceTree = "<group>";
		};
		7642D22018701246004E9A14 /* InfoPlist.strings */ = {
			isa = PBXVariantGroup;
			children = (
				7642D22118701246004E9A14 /* en */,
			);
			name = InfoPlist.strings;
			sourceTree = "<group>";
		};
/* End PBXVariantGroup section */

/* Begin XCBuildConfiguration section */
		7642D22518701246004E9A14 /* Debug */ = {
			isa = XCBuildConfiguration;
			buildSettings = {
				ALWAYS_SEARCH_USER_PATHS = NO;
				CLANG_CXX_LANGUAGE_STANDARD = "gnu++0x";
				CLANG_CXX_LIBRARY = "libc++";
				CLANG_ENABLE_MODULES = YES;
				CLANG_ENABLE_OBJC_ARC = YES;
				CLANG_WARN_BOOL_CONVERSION = YES;
				CLANG_WARN_CONSTANT_CONVERSION = YES;
				CLANG_WARN_DIRECT_OBJC_ISA_USAGE = YES_ERROR;
				CLANG_WARN_EMPTY_BODY = YES;
				CLANG_WARN_ENUM_CONVERSION = YES;
				CLANG_WARN_INT_CONVERSION = YES;
				CLANG_WARN_OBJC_ROOT_CLASS = YES_ERROR;
				CLANG_WARN__DUPLICATE_METHOD_MATCH = YES;
				"CODE_SIGN_IDENTITY[sdk=iphoneos*]" = "";
				COPY_PHASE_STRIP = NO;
				GCC_C_LANGUAGE_STANDARD = gnu99;
				GCC_DYNAMIC_NO_PIC = NO;
				GCC_OPTIMIZATION_LEVEL = 0;
				GCC_PREPROCESSOR_DEFINITIONS = (
					"DEBUG=1",
					"$(inherited)",
				);
				GCC_SYMBOLS_PRIVATE_EXTERN = NO;
				GCC_WARN_64_TO_32_BIT_CONVERSION = YES;
				GCC_WARN_ABOUT_RETURN_TYPE = YES_ERROR;
				GCC_WARN_UNDECLARED_SELECTOR = YES;
				GCC_WARN_UNINITIALIZED_AUTOS = YES;
				GCC_WARN_UNUSED_FUNCTION = YES;
				GCC_WARN_UNUSED_VARIABLE = YES;
				IPHONEOS_DEPLOYMENT_TARGET = 9.0;
				ONLY_ACTIVE_ARCH = YES;
				SDKROOT = iphoneos;
			};
			name = Debug;
		};
		7642D22618701246004E9A14 /* Release */ = {
			isa = XCBuildConfiguration;
			buildSettings = {
				ALWAYS_SEARCH_USER_PATHS = NO;
				CLANG_CXX_LANGUAGE_STANDARD = "gnu++0x";
				CLANG_CXX_LIBRARY = "libc++";
				CLANG_ENABLE_MODULES = YES;
				CLANG_ENABLE_OBJC_ARC = YES;
				CLANG_WARN_BOOL_CONVERSION = YES;
				CLANG_WARN_CONSTANT_CONVERSION = YES;
				CLANG_WARN_DIRECT_OBJC_ISA_USAGE = YES_ERROR;
				CLANG_WARN_EMPTY_BODY = YES;
				CLANG_WARN_ENUM_CONVERSION = YES;
				CLANG_WARN_INT_CONVERSION = YES;
				CLANG_WARN_OBJC_ROOT_CLASS = YES_ERROR;
				CLANG_WARN__DUPLICATE_METHOD_MATCH = YES;
				"CODE_SIGN_IDENTITY[sdk=iphoneos*]" = "";
				COPY_PHASE_STRIP = YES;
				ENABLE_NS_ASSERTIONS = NO;
				GCC_C_LANGUAGE_STANDARD = gnu99;
				GCC_WARN_64_TO_32_BIT_CONVERSION = YES;
				GCC_WARN_ABOUT_RETURN_TYPE = YES_ERROR;
				GCC_WARN_UNDECLARED_SELECTOR = YES;
				GCC_WARN_UNINITIALIZED_AUTOS = YES;
				GCC_WARN_UNUSED_FUNCTION = YES;
				GCC_WARN_UNUSED_VARIABLE = YES;
				IPHONEOS_DEPLOYMENT_TARGET = 9.0;
				SDKROOT = iphoneos;
				VALIDATE_PRODUCT = YES;
			};
			name = Release;
		};
		7642D22818701246004E9A14 /* Debug */ = {
			isa = XCBuildConfiguration;
			buildSettings = {
				ASSETCATALOG_COMPILER_APPICON_NAME = AppIcon;
				ASSETCATALOG_COMPILER_LAUNCHIMAGE_NAME = LaunchImage;
				"CODE_SIGN_IDENTITY[sdk=iphoneos*]" = "iPhone Developer";
				DEVELOPMENT_TEAM = MNS8R8287U;
				GCC_PRECOMPILE_PREFIX_HEADER = YES;
				GCC_PREFIX_HEADER = "VFKeyboardObserverDemo/VFKeyboardObserverDemo-Prefix.pch";
				INFOPLIST_FILE = "VFKeyboardObserverDemo/VFKeyboardObserverDemo-Info.plist";
				IPHONEOS_DEPLOYMENT_TARGET = 9.0;
				PRODUCT_NAME = "$(TARGET_NAME)";
				TARGETED_DEVICE_FAMILY = "1,2";
				WRAPPER_EXTENSION = app;
			};
			name = Debug;
		};
		7642D22918701246004E9A14 /* Release */ = {
			isa = XCBuildConfiguration;
			buildSettings = {
				ASSETCATALOG_COMPILER_APPICON_NAME = AppIcon;
				ASSETCATALOG_COMPILER_LAUNCHIMAGE_NAME = LaunchImage;
				"CODE_SIGN_IDENTITY[sdk=iphoneos*]" = "iPhone Developer";
				DEVELOPMENT_TEAM = MNS8R8287U;
				GCC_PRECOMPILE_PREFIX_HEADER = YES;
				GCC_PREFIX_HEADER = "VFKeyboardObserverDemo/VFKeyboardObserverDemo-Prefix.pch";
				INFOPLIST_FILE = "VFKeyboardObserverDemo/VFKeyboardObserverDemo-Info.plist";
				IPHONEOS_DEPLOYMENT_TARGET = 9.0;
				PRODUCT_NAME = "$(TARGET_NAME)";
				TARGETED_DEVICE_FAMILY = "1,2";
				WRAPPER_EXTENSION = app;
			};
			name = Release;
		};
		7642D22B18701246004E9A14 /* Debug */ = {
			isa = XCBuildConfiguration;
			buildSettings = {
				BUNDLE_LOADER = "$(BUILT_PRODUCTS_DIR)/VFKeyboardObserverDemo.app/VFKeyboardObserverDemo";
				FRAMEWORK_SEARCH_PATHS = (
					"$(SDKROOT)/Developer/Library/Frameworks",
					"$(inherited)",
					"$(DEVELOPER_FRAMEWORKS_DIR)",
				);
				GCC_PRECOMPILE_PREFIX_HEADER = YES;
				GCC_PREFIX_HEADER = "VFKeyboardObserverDemo/VFKeyboardObserverDemo-Prefix.pch";
				GCC_PREPROCESSOR_DEFINITIONS = (
					"DEBUG=1",
					"$(inherited)",
				);
				INFOPLIST_FILE = "VFKeyboardObserverDemoTests/VFKeyboardObserverDemoTests-Info.plist";
				PRODUCT_NAME = "$(TARGET_NAME)";
				TEST_HOST = "$(BUNDLE_LOADER)";
				WRAPPER_EXTENSION = xctest;
			};
			name = Debug;
		};
		7642D22C18701246004E9A14 /* Release */ = {
			isa = XCBuildConfiguration;
			buildSettings = {
				BUNDLE_LOADER = "$(BUILT_PRODUCTS_DIR)/VFKeyboardObserverDemo.app/VFKeyboardObserverDemo";
				FRAMEWORK_SEARCH_PATHS = (
					"$(SDKROOT)/Developer/Library/Frameworks",
					"$(inherited)",
					"$(DEVELOPER_FRAMEWORKS_DIR)",
				);
				GCC_PRECOMPILE_PREFIX_HEADER = YES;
				GCC_PREFIX_HEADER = "VFKeyboardObserverDemo/VFKeyboardObserverDemo-Prefix.pch";
				INFOPLIST_FILE = "VFKeyboardObserverDemoTests/VFKeyboardObserverDemoTests-Info.plist";
				PRODUCT_NAME = "$(TARGET_NAME)";
				TEST_HOST = "$(BUNDLE_LOADER)";
				WRAPPER_EXTENSION = xctest;
			};
			name = Release;
		};
/* End XCBuildConfiguration section */

/* Begin XCConfigurationList section */
		7642D1F018701245004E9A14 /* Build configuration list for PBXProject "VFKeyboardObserverDemo" */ = {
			isa = XCConfigurationList;
			buildConfigurations = (
				7642D22518701246004E9A14 /* Debug */,
				7642D22618701246004E9A14 /* Release */,
			);
			defaultConfigurationIsVisible = 0;
			defaultConfigurationName = Release;
		};
		7642D22718701246004E9A14 /* Build configuration list for PBXNativeTarget "VFKeyboardObserverDemo" */ = {
			isa = XCConfigurationList;
			buildConfigurations = (
				7642D22818701246004E9A14 /* Debug */,
				7642D22918701246004E9A14 /* Release */,
			);
			defaultConfigurationIsVisible = 0;
			defaultConfigurationName = Release;
		};
		7642D22A18701246004E9A14 /* Build configuration list for PBXNativeTarget "VFKeyboardObserverDemoTests" */ = {
			isa = XCConfigurationList;
			buildConfigurations = (
				7642D22B18701246004E9A14 /* Debug */,
				7642D22C18701246004E9A14 /* Release */,
			);
			defaultConfigurationIsVisible = 0;
			defaultConfigurationName = Release;
		};
/* End XCConfigurationList section */
	};
	rootObject = 7642D1ED18701245004E9A14 /* Project object */;
}
